
Microsoft Visual Studio Solution File, Format Version 12.00
# Visual Studio Version 17
VisualStudioVersion = 17.9.34714.143
MinimumVisualStudioVersion = 10.0.40219.1
Project("{FAE04EC0-301F-11D3-BF4B-00C04F79EFBC}") = "Wycieczki", "Wycieczki\Wycieczki.csproj", "{A37A80F2-7826-4584-AB65-FEB9AAE7EC44}"
EndProject
Global
	GlobalSection(SolutionConfigurationPlatforms) = preSolution
		Debug|Any CPU = Debug|Any CPU
		Release|Any CPU = Release|Any CPU
	EndGlobalSection
	GlobalSection(ProjectConfigurationPlatforms) = postSolution
		{A37A80F2-7826-4584-AB65-FEB9AAE7EC44}.Debug|Any CPU.ActiveCfg = Debug|Any CPU
		{A37A80F2-7826-4584-AB65-FEB9AAE7EC44}.Debug|Any CPU.Build.0 = Debug|Any CPU
		{A37A80F2-7826-4584-AB65-FEB9AAE7EC44}.Release|Any CPU.ActiveCfg = Release|Any CPU
		{A37A80F2-7826-4584-AB65-FEB9AAE7EC44}.Release|Any CPU.Build.0 = Release|Any CPU
	EndGlobalSection
	GlobalSection(SolutionProperties) = preSolution
		HideSolutionNode = FALSE
	EndGlobalSection
	GlobalSection(ExtensibilityGlobals) = postSolution
		SolutionGuid = {BB4884D9-D461-42A7-8D8A-DC183B844642}
	EndGlobalSection
EndGlobal
